golang.org/x/net v0.3.1-0.20221206200815-1e63c2f08a10 h1:Frnccbp+ok2GkUS2tC84yAq/U9Vg+0sIO7aRL3T4Xnc=
golang.org/x/net v0.3.1-0.20221206200815-1e63c2f08a10/go.mod h1:MBQ8lrhLObU/6UmLb4fmbmk5OcyYmqtbGd/9yIeKjEE=
rsc.io/quote v1.4.0 h1:tYuJspOzwTRMUOX6qmSDRTEKFVV80GM0/l89OLZuVNg=
rsc.io/quote v1.4.0/go.mod h1:S2vMDfxMfk+OGQ7xf1uNqJCSuSPCW5QC127LHYfOJmQ=
rsc.io/sampler v1.0.0 h1:CZX0Ury6np11Lwls9Jja2rFf3YrNPeUPAWiEVrJ0u/4=
rsc.io/sampler v1.0.0/go.mod h1:cqxpM3ZVz9VtirqxZPmrWzkQ+UkiNiGtkrN+B+i8kx8=
